
Microsoft Visual Studio Solution File, Format Version 12.00
# Visual Studio Version 17
VisualStudioVersion = 17.0.31903.59
MinimumVisualStudioVersion = 10.0.40219.1
Project("{FAE04EC0-301F-11D3-BF4B-00C04F79EFBC}") = "LoanSim.Api", "LoanSim.Api\LoanSim.Api.csproj", "{12732503-1834-4D58-A094-FE8392D863E3}"
EndProject
Project("{FAE04EC0-301F-11D3-BF4B-00C04F79EFBC}") = "LoanSim.Domain", "LoanSim.Domain\LoanSim.Domain.csproj", "{3E5CBAAF-EBC8-43C8-BFC7-6C0AF02AA36E}"
EndProject
Project("{FAE04EC0-301F-11D3-BF4B-00C04F79EFBC}") = "LoanSim.Tests", "LoanSim.Tests\LoanSim.Tests.csproj", "{F24954B2-FD24-4B5D-8190-B1771E77E947}"
EndProject
Global
	GlobalSection(SolutionConfigurationPlatforms) = preSolution
		Debug|Any CPU = Debug|Any CPU
		Debug|x64 = Debug|x64
		Debug|x86 = Debug|x86
		Release|Any CPU = Release|Any CPU
		Release|x64 = Release|x64
		Release|x86 = Release|x86
	EndGlobalSection
	GlobalSection(ProjectConfigurationPlatforms) = postSolution
		{12732503-1834-4D58-A094-FE8392D863E3}.Debug|Any CPU.ActiveCfg = Debug|Any CPU
		{12732503-1834-4D58-A094-FE8392D863E3}.Debug|Any CPU.Build.0 = Debug|Any CPU
		{12732503-1834-4D58-A094-FE8392D863E3}.Debug|x64.ActiveCfg = Debug|Any CPU
		{12732503-1834-4D58-A094-FE8392D863E3}.Debug|x64.Build.0 = Debug|Any CPU
		{12732503-1834-4D58-A094-FE8392D863E3}.Debug|x86.ActiveCfg = Debug|Any CPU
		{12732503-1834-4D58-A094-FE8392D863E3}.Debug|x86.Build.0 = Debug|Any CPU
		{12732503-1834-4D58-A094-FE8392D863E3}.Release|Any CPU.ActiveCfg = Release|Any CPU
		{12732503-1834-4D58-A094-FE8392D863E3}.Release|Any CPU.Build.0 = Release|Any CPU
		{12732503-1834-4D58-A094-FE8392D863E3}.Release|x64.ActiveCfg = Release|Any CPU
		{12732503-1834-4D58-A094-FE8392D863E3}.Release|x64.Build.0 = Release|Any CPU
		{12732503-1834-4D58-A094-FE8392D863E3}.Release|x86.ActiveCfg = Release|Any CPU
		{12732503-1834-4D58-A094-FE8392D863E3}.Release|x86.Build.0 = Release|Any CPU
		{3E5CBAAF-EBC8-43C8-BFC7-6C0AF02AA36E}.Debug|Any CPU.ActiveCfg = Debug|Any CPU
		{3E5CBAAF-EBC8-43C8-BFC7-6C0AF02AA36E}.Debug|Any CPU.Build.0 = Debug|Any CPU
		{3E5CBAAF-EBC8-43C8-BFC7-6C0AF02AA36E}.Debug|x64.ActiveCfg = Debug|Any CPU
		{3E5CBAAF-EBC8-43C8-BFC7-6C0AF02AA36E}.Debug|x64.Build.0 = Debug|Any CPU
		{3E5CBAAF-EBC8-43C8-BFC7-6C0AF02AA36E}.Debug|x86.ActiveCfg = Debug|Any CPU
		{3E5CBAAF-EBC8-43C8-BFC7-6C0AF02AA36E}.Debug|x86.Build.0 = Debug|Any CPU
		{3E5CBAAF-EBC8-43C8-BFC7-6C0AF02AA36E}.Release|Any CPU.ActiveCfg = Release|Any CPU
		{3E5CBAAF-EBC8-43C8-BFC7-6C0AF02AA36E}.Release|Any CPU.Build.0 = Release|Any CPU
		{3E5CBAAF-EBC8-43C8-BFC7-6C0AF02AA36E}.Release|x64.ActiveCfg = Release|Any CPU
		{3E5CBAAF-EBC8-43C8-BFC7-6C0AF02AA36E}.Release|x64.Build.0 = Release|Any CPU
		{3E5CBAAF-EBC8-43C8-BFC7-6C0AF02AA36E}.Release|x86.ActiveCfg = Release|Any CPU
		{3E5CBAAF-EBC8-43C8-BFC7-6C0AF02AA36E}.Release|x86.Build.0 = Release|Any CPU
		{F24954B2-FD24-4B5D-8190-B1771E77E947}.Debug|Any CPU.ActiveCfg = Debug|Any CPU
		{F24954B2-FD24-4B5D-8190-B1771E77E947}.Debug|Any CPU.Build.0 = Debug|Any CPU
		{F24954B2-FD24-4B5D-8190-B1771E77E947}.Debug|x64.ActiveCfg = Debug|Any CPU
		{F24954B2-FD24-4B5D-8190-B1771E77E947}.Debug|x64.Build.0 = Debug|Any CPU
		{F24954B2-FD24-4B5D-8190-B1771E77E947}.Debug|x86.ActiveCfg = Debug|Any CPU
		{F24954B2-FD24-4B5D-8190-B1771E77E947}.Debug|x86.Build.0 = Debug|Any CPU
		{F24954B2-FD24-4B5D-8190-B1771E77E947}.Release|Any CPU.ActiveCfg = Release|Any CPU
		{F24954B2-FD24-4B5D-8190-B1771E77E947}.Release|Any CPU.Build.0 = Release|Any CPU
		{F24954B2-FD24-4B5D-8190-B1771E77E947}.Release|x64.ActiveCfg = Release|Any CPU
		{F24954B2-FD24-4B5D-8190-B1771E77E947}.Release|x64.Build.0 = Release|Any CPU
		{F24954B2-FD24-4B5D-8190-B1771E77E947}.Release|x86.ActiveCfg = Release|Any CPU
		{F24954B2-FD24-4B5D-8190-B1771E77E947}.Release|x86.Build.0 = Release|Any CPU
	EndGlobalSection
	GlobalSection(SolutionProperties) = preSolution
		HideSolutionNode = FALSE
	EndGlobalSection
EndGlobal
